
Microsoft Visual Studio Solution File, Format Version 12.00
# Visual Studio 15
VisualStudioVersion = 15.0.28307.902
MinimumVisualStudioVersion = 10.0.40219.1
Project("{FAE04EC0-301F-11D3-BF4B-00C04F79EFBC}") = "OpenCVTutorial3", "OpenCVTutorial3\OpenCVTutorial3.csproj", "{C8D3F0BC-6D8C-4428-B3E4-1C4F8B076A2E}"
EndProject
Global
	GlobalSection(SolutionConfigurationPlatforms) = preSolution
		Debug|Any CPU = Debug|Any CPU
		Release|Any CPU = Release|Any CPU
	EndGlobalSection
	GlobalSection(ProjectConfigurationPlatforms) = postSolution
		{C8D3F0BC-6D8C-4428-B3E4-1C4F8B076A2E}.Debug|Any CPU.ActiveCfg = Debug|Any CPU
		{C8D3F0BC-6D8C-4428-B3E4-1C4F8B076A2E}.Debug|Any CPU.Build.0 = Debug|Any CPU
		{C8D3F0BC-6D8C-4428-B3E4-1C4F8B076A2E}.Release|Any CPU.ActiveCfg = Release|Any CPU
		{C8D3F0BC-6D8C-4428-B3E4-1C4F8B076A2E}.Release|Any CPU.Build.0 = Release|Any CPU
	EndGlobalSection
	GlobalSection(SolutionProperties) = preSolution
		HideSolutionNode = FALSE
	EndGlobalSection
	GlobalSection(ExtensibilityGlobals) = postSolution
		SolutionGuid = {A9E1C562-8C05-4B8B-90FF-AF8FFB035D87}
	EndGlobalSection
EndGlobal
